
Microsoft Visual Studio Solution File, Format Version 12.00
# Visual Studio Version 16
VisualStudioVersion = 16.0.30002.166
MinimumVisualStudioVersion = 10.0.40219.1
Project("{8BC9CEB8-8B4A-11D0-8D11-00A0C91BC942}") = "daysofmonth", "daysofmonth.vcxproj", "{276C67E0-F64A-41DB-AD5C-13AA4F41DA1B}"
EndProject
Global
	GlobalSection(SolutionConfigurationPlatforms) = preSolution
		Debug|x64 = Debug|x64
		Debug|x86 = Debug|x86
		Release|x64 = Release|x64
		Release|x86 = Release|x86
	EndGlobalSection
	GlobalSection(ProjectConfigurationPlatforms) = postSolution
		{276C67E0-F64A-41DB-AD5C-13AA4F41DA1B}.Debug|x64.ActiveCfg = Debug|x64
		{276C67E0-F64A-41DB-AD5C-13AA4F41DA1B}.Debug|x64.Build.0 = Debug|x64
		{276C67E0-F64A-41DB-AD5C-13AA4F41DA1B}.Debug|x86.ActiveCfg = Debug|Win32
		{276C67E0-F64A-41DB-AD5C-13AA4F41DA1B}.Debug|x86.Build.0 = Debug|Win32
		{276C67E0-F64A-41DB-AD5C-13AA4F41DA1B}.Release|x64.ActiveCfg = Release|x64
		{276C67E0-F64A-41DB-AD5C-13AA4F41DA1B}.Release|x64.Build.0 = Release|x64
		{276C67E0-F64A-41DB-AD5C-13AA4F41DA1B}.Release|x86.ActiveCfg = Release|Win32
		{276C67E0-F64A-41DB-AD5C-13AA4F41DA1B}.Release|x86.Build.0 = Release|Win32
	EndGlobalSection
	GlobalSection(SolutionProperties) = preSolution
		HideSolutionNode = FALSE
	EndGlobalSection
	GlobalSection(ExtensibilityGlobals) = postSolution
		SolutionGuid = {D8EEE889-FE23-4195-95EC-A179D20D69C8}
	EndGlobalSection
EndGlobal
