
Microsoft Visual Studio Solution File, Format Version 12.00
# Visual Studio Version 16
VisualStudioVersion = 16.0.30002.166
MinimumVisualStudioVersion = 10.0.40219.1
Project("{8BC9CEB8-8B4A-11D0-8D11-00A0C91BC942}") = "Concatenatestring", "Concatenatestring.vcxproj", "{E84E7EF8-EE09-4A54-B8B1-909276A45393}"
EndProject
Global
	GlobalSection(SolutionConfigurationPlatforms) = preSolution
		Debug|x64 = Debug|x64
		Debug|x86 = Debug|x86
		Release|x64 = Release|x64
		Release|x86 = Release|x86
	EndGlobalSection
	GlobalSection(ProjectConfigurationPlatforms) = postSolution
		{E84E7EF8-EE09-4A54-B8B1-909276A45393}.Debug|x64.ActiveCfg = Debug|x64
		{E84E7EF8-EE09-4A54-B8B1-909276A45393}.Debug|x64.Build.0 = Debug|x64
		{E84E7EF8-EE09-4A54-B8B1-909276A45393}.Debug|x86.ActiveCfg = Debug|Win32
		{E84E7EF8-EE09-4A54-B8B1-909276A45393}.Debug|x86.Build.0 = Debug|Win32
		{E84E7EF8-EE09-4A54-B8B1-909276A45393}.Release|x64.ActiveCfg = Release|x64
		{E84E7EF8-EE09-4A54-B8B1-909276A45393}.Release|x64.Build.0 = Release|x64
		{E84E7EF8-EE09-4A54-B8B1-909276A45393}.Release|x86.ActiveCfg = Release|Win32
		{E84E7EF8-EE09-4A54-B8B1-909276A45393}.Release|x86.Build.0 = Release|Win32
	EndGlobalSection
	GlobalSection(SolutionProperties) = preSolution
		HideSolutionNode = FALSE
	EndGlobalSection
	GlobalSection(ExtensibilityGlobals) = postSolution
		SolutionGuid = {D74DB4A2-DCB8-47ED-B25A-D1CB9A91C8B2}
	EndGlobalSection
EndGlobal
