
Microsoft Visual Studio Solution File, Format Version 12.00
# Visual Studio Version 16
VisualStudioVersion = 16.0.30002.166
MinimumVisualStudioVersion = 10.0.40219.1
Project("{8BC9CEB8-8B4A-11D0-8D11-00A0C91BC942}") = "quadraticequation", "quadraticequation.vcxproj", "{23227CB0-6C1D-4074-901E-80A2085E1D74}"
EndProject
Global
	GlobalSection(SolutionConfigurationPlatforms) = preSolution
		Debug|x64 = Debug|x64
		Debug|x86 = Debug|x86
		Release|x64 = Release|x64
		Release|x86 = Release|x86
	EndGlobalSection
	GlobalSection(ProjectConfigurationPlatforms) = postSolution
		{23227CB0-6C1D-4074-901E-80A2085E1D74}.Debug|x64.ActiveCfg = Debug|x64
		{23227CB0-6C1D-4074-901E-80A2085E1D74}.Debug|x64.Build.0 = Debug|x64
		{23227CB0-6C1D-4074-901E-80A2085E1D74}.Debug|x86.ActiveCfg = Debug|Win32
		{23227CB0-6C1D-4074-901E-80A2085E1D74}.Debug|x86.Build.0 = Debug|Win32
		{23227CB0-6C1D-4074-901E-80A2085E1D74}.Release|x64.ActiveCfg = Release|x64
		{23227CB0-6C1D-4074-901E-80A2085E1D74}.Release|x64.Build.0 = Release|x64
		{23227CB0-6C1D-4074-901E-80A2085E1D74}.Release|x86.ActiveCfg = Release|Win32
		{23227CB0-6C1D-4074-901E-80A2085E1D74}.Release|x86.Build.0 = Release|Win32
	EndGlobalSection
	GlobalSection(SolutionProperties) = preSolution
		HideSolutionNode = FALSE
	EndGlobalSection
	GlobalSection(ExtensibilityGlobals) = postSolution
		SolutionGuid = {2A57C194-6304-4672-9DB4-65EEEF263A17}
	EndGlobalSection
EndGlobal
